
Microsoft Visual Studio Solution File, Format Version 12.00
# Visual Studio Version 17
VisualStudioVersion = 17.3.32929.385
MinimumVisualStudioVersion = 10.0.40219.1
Project("{8BC9CEB8-8B4A-11D0-8D11-00A0C91BC942}") = "guessTheWord", "guessTheWord.vcxproj", "{53D47295-3552-44D2-8AE5-2A4FDFD6AC63}"
EndProject
Global
	GlobalSection(SolutionConfigurationPlatforms) = preSolution
		Debug|x64 = Debug|x64
		Debug|x86 = Debug|x86
		Release|x64 = Release|x64
		Release|x86 = Release|x86
	EndGlobalSection
	GlobalSection(ProjectConfigurationPlatforms) = postSolution
		{53D47295-3552-44D2-8AE5-2A4FDFD6AC63}.Debug|x64.ActiveCfg = Debug|x64
		{53D47295-3552-44D2-8AE5-2A4FDFD6AC63}.Debug|x64.Build.0 = Debug|x64
		{53D47295-3552-44D2-8AE5-2A4FDFD6AC63}.Debug|x86.ActiveCfg = Debug|Win32
		{53D47295-3552-44D2-8AE5-2A4FDFD6AC63}.Debug|x86.Build.0 = Debug|Win32
		{53D47295-3552-44D2-8AE5-2A4FDFD6AC63}.Release|x64.ActiveCfg = Release|x64
		{53D47295-3552-44D2-8AE5-2A4FDFD6AC63}.Release|x64.Build.0 = Release|x64
		{53D47295-3552-44D2-8AE5-2A4FDFD6AC63}.Release|x86.ActiveCfg = Release|Win32
		{53D47295-3552-44D2-8AE5-2A4FDFD6AC63}.Release|x86.Build.0 = Release|Win32
	EndGlobalSection
	GlobalSection(SolutionProperties) = preSolution
		HideSolutionNode = FALSE
	EndGlobalSection
	GlobalSection(ExtensibilityGlobals) = postSolution
		SolutionGuid = {A201DD64-3CDD-4629-AFE3-C7E928E1306E}
	EndGlobalSection
EndGlobal
